
Microsoft Visual Studio Solution File, Format Version 11.00
# Visual Studio 2010
Project("{FAE04EC0-301F-11D3-BF4B-00C04F79EFBC}") = "Arvalcis", "Assembly-CSharp.csproj", "{BB9A07CF-ED07-0A24-157E-626215EC4FC2}"
EndProject
Project("{FAE04EC0-301F-11D3-BF4B-00C04F79EFBC}") = "Arvalcis", "Assembly-CSharp-Editor.csproj", "{5F1A72B6-A2E3-CBAF-79E4-AA7EC275DB4D}"
EndProject
Global
	GlobalSection(SolutionConfigurationPlatforms) = preSolution
		Debug|Any CPU = Debug|Any CPU
		Release|Any CPU = Release|Any CPU
	EndGlobalSection
	GlobalSection(ProjectConfigurationPlatforms) = postSolution
		{BB9A07CF-ED07-0A24-157E-626215EC4FC2}.Debug|Any CPU.ActiveCfg = Debug|Any CPU
		{BB9A07CF-ED07-0A24-157E-626215EC4FC2}.Debug|Any CPU.Build.0 = Debug|Any CPU
		{BB9A07CF-ED07-0A24-157E-626215EC4FC2}.Release|Any CPU.ActiveCfg = Release|Any CPU
		{BB9A07CF-ED07-0A24-157E-626215EC4FC2}.Release|Any CPU.Build.0 = Release|Any CPU
		{5F1A72B6-A2E3-CBAF-79E4-AA7EC275DB4D}.Debug|Any CPU.ActiveCfg = Debug|Any CPU
		{5F1A72B6-A2E3-CBAF-79E4-AA7EC275DB4D}.Debug|Any CPU.Build.0 = Debug|Any CPU
		{5F1A72B6-A2E3-CBAF-79E4-AA7EC275DB4D}.Release|Any CPU.ActiveCfg = Release|Any CPU
		{5F1A72B6-A2E3-CBAF-79E4-AA7EC275DB4D}.Release|Any CPU.Build.0 = Release|Any CPU
	EndGlobalSection
	GlobalSection(SolutionProperties) = preSolution
		HideSolutionNode = FALSE
	EndGlobalSection
	GlobalSection(MonoDevelopProperties) = preSolution
		StartupItem = Assembly-CSharp.csproj
	EndGlobalSection
EndGlobal
